
Microsoft Visual Studio Solution File, Format Version 12.00
# Visual Studio 14
VisualStudioVersion = 14.0.25420.1
MinimumVisualStudioVersion = 10.0.40219.1
Project("{FAE04EC0-301F-11D3-BF4B-00C04F79EFBC}") = "Products.WebApi", "Products.WebApi\Products.WebApi.csproj", "{9742B9BC-5D4A-4C65-96AE-EB58AA6CD082}"
EndProject
Project("{FAE04EC0-301F-11D3-BF4B-00C04F79EFBC}") = "Products.WebApi.Tests", "Products.WebApi.Tests\Products.WebApi.Tests.csproj", "{4802879F-8D6D-49B1-8D10-743DC7781A84}"
EndProject
Project("{FAE04EC0-301F-11D3-BF4B-00C04F79EFBC}") = "Products.ClientApp", "Products.ClientApp\Products.ClientApp.csproj", "{2E653C2F-3514-4B69-940F-12A6941860FD}"
EndProject
Project("{FAE04EC0-301F-11D3-BF4B-00C04F79EFBC}") = "Products.Shared", "Products.Shared\Products.Shared.csproj", "{5C729F71-0657-43CD-BC7D-594CDA65EF3E}"
EndProject
Project("{FAE04EC0-301F-11D3-BF4B-00C04F79EFBC}") = "Products.Model", "Products.Model\Products.Model.csproj", "{78904B84-4BE8-41E1-95C3-C0B02F6E38C6}"
EndProject
Project("{FAE04EC0-301F-11D3-BF4B-00C04F79EFBC}") = "Products.ViewModel", "Products.ViewModel\Products.ViewModel.csproj", "{0CAE24CE-D43F-4E2C-B01D-5FB54CADCD99}"
EndProject
Project("{FAE04EC0-301F-11D3-BF4B-00C04F79EFBC}") = "Products.BusinessLayer", "Products.BusinessLayer\Products.BusinessLayer.csproj", "{C0FDDCBA-4D38-4441-BAC8-54AD47F40E92}"
EndProject
Project("{FAE04EC0-301F-11D3-BF4B-00C04F79EFBC}") = "Products.Locator", "Products.ViewModelLocator\Products.Locator.csproj", "{CA6EECD2-4CF3-4BD3-AF18-C049618121C1}"
EndProject
Global
	GlobalSection(SolutionConfigurationPlatforms) = preSolution
		Debug|Any CPU = Debug|Any CPU
		Debug|ARM = Debug|ARM
		Debug|x64 = Debug|x64
		Debug|x86 = Debug|x86
		Release|Any CPU = Release|Any CPU
		Release|ARM = Release|ARM
		Release|x64 = Release|x64
		Release|x86 = Release|x86
	EndGlobalSection
	GlobalSection(ProjectConfigurationPlatforms) = postSolution
		{9742B9BC-5D4A-4C65-96AE-EB58AA6CD082}.Debug|Any CPU.ActiveCfg = Debug|Any CPU
		{9742B9BC-5D4A-4C65-96AE-EB58AA6CD082}.Debug|Any CPU.Build.0 = Debug|Any CPU
		{9742B9BC-5D4A-4C65-96AE-EB58AA6CD082}.Debug|ARM.ActiveCfg = Debug|Any CPU
		{9742B9BC-5D4A-4C65-96AE-EB58AA6CD082}.Debug|ARM.Build.0 = Debug|Any CPU
		{9742B9BC-5D4A-4C65-96AE-EB58AA6CD082}.Debug|x64.ActiveCfg = Debug|Any CPU
		{9742B9BC-5D4A-4C65-96AE-EB58AA6CD082}.Debug|x64.Build.0 = Debug|Any CPU
		{9742B9BC-5D4A-4C65-96AE-EB58AA6CD082}.Debug|x86.ActiveCfg = Debug|Any CPU
		{9742B9BC-5D4A-4C65-96AE-EB58AA6CD082}.Debug|x86.Build.0 = Debug|Any CPU
		{9742B9BC-5D4A-4C65-96AE-EB58AA6CD082}.Release|Any CPU.ActiveCfg = Release|Any CPU
		{9742B9BC-5D4A-4C65-96AE-EB58AA6CD082}.Release|Any CPU.Build.0 = Release|Any CPU
		{9742B9BC-5D4A-4C65-96AE-EB58AA6CD082}.Release|ARM.ActiveCfg = Release|Any CPU
		{9742B9BC-5D4A-4C65-96AE-EB58AA6CD082}.Release|ARM.Build.0 = Release|Any CPU
		{9742B9BC-5D4A-4C65-96AE-EB58AA6CD082}.Release|x64.ActiveCfg = Release|Any CPU
		{9742B9BC-5D4A-4C65-96AE-EB58AA6CD082}.Release|x64.Build.0 = Release|Any CPU
		{9742B9BC-5D4A-4C65-96AE-EB58AA6CD082}.Release|x86.ActiveCfg = Release|Any CPU
		{9742B9BC-5D4A-4C65-96AE-EB58AA6CD082}.Release|x86.Build.0 = Release|Any CPU
		{4802879F-8D6D-49B1-8D10-743DC7781A84}.Debug|Any CPU.ActiveCfg = Debug|Any CPU
		{4802879F-8D6D-49B1-8D10-743DC7781A84}.Debug|Any CPU.Build.0 = Debug|Any CPU
		{4802879F-8D6D-49B1-8D10-743DC7781A84}.Debug|ARM.ActiveCfg = Debug|Any CPU
		{4802879F-8D6D-49B1-8D10-743DC7781A84}.Debug|ARM.Build.0 = Debug|Any CPU
		{4802879F-8D6D-49B1-8D10-743DC7781A84}.Debug|x64.ActiveCfg = Debug|Any CPU
		{4802879F-8D6D-49B1-8D10-743DC7781A84}.Debug|x64.Build.0 = Debug|Any CPU
		{4802879F-8D6D-49B1-8D10-743DC7781A84}.Debug|x86.ActiveCfg = Debug|Any CPU
		{4802879F-8D6D-49B1-8D10-743DC7781A84}.Debug|x86.Build.0 = Debug|Any CPU
		{4802879F-8D6D-49B1-8D10-743DC7781A84}.Release|Any CPU.ActiveCfg = Release|Any CPU
		{4802879F-8D6D-49B1-8D10-743DC7781A84}.Release|Any CPU.Build.0 = Release|Any CPU
		{4802879F-8D6D-49B1-8D10-743DC7781A84}.Release|ARM.ActiveCfg = Release|Any CPU
		{4802879F-8D6D-49B1-8D10-743DC7781A84}.Release|ARM.Build.0 = Release|Any CPU
		{4802879F-8D6D-49B1-8D10-743DC7781A84}.Release|x64.ActiveCfg = Release|Any CPU
		{4802879F-8D6D-49B1-8D10-743DC7781A84}.Release|x64.Build.0 = Release|Any CPU
		{4802879F-8D6D-49B1-8D10-743DC7781A84}.Release|x86.ActiveCfg = Release|Any CPU
		{4802879F-8D6D-49B1-8D10-743DC7781A84}.Release|x86.Build.0 = Release|Any CPU
		{2E653C2F-3514-4B69-940F-12A6941860FD}.Debug|Any CPU.ActiveCfg = Debug|Any CPU
		{2E653C2F-3514-4B69-940F-12A6941860FD}.Debug|Any CPU.Build.0 = Debug|Any CPU
		{2E653C2F-3514-4B69-940F-12A6941860FD}.Debug|Any CPU.Deploy.0 = Debug|Any CPU
		{2E653C2F-3514-4B69-940F-12A6941860FD}.Debug|ARM.ActiveCfg = Debug|ARM
		{2E653C2F-3514-4B69-940F-12A6941860FD}.Debug|ARM.Build.0 = Debug|ARM
		{2E653C2F-3514-4B69-940F-12A6941860FD}.Debug|ARM.Deploy.0 = Debug|ARM
		{2E653C2F-3514-4B69-940F-12A6941860FD}.Debug|x64.ActiveCfg = Debug|x64
		{2E653C2F-3514-4B69-940F-12A6941860FD}.Debug|x64.Build.0 = Debug|x64
		{2E653C2F-3514-4B69-940F-12A6941860FD}.Debug|x64.Deploy.0 = Debug|x64
		{2E653C2F-3514-4B69-940F-12A6941860FD}.Debug|x86.ActiveCfg = Debug|x86
		{2E653C2F-3514-4B69-940F-12A6941860FD}.Debug|x86.Build.0 = Debug|x86
		{2E653C2F-3514-4B69-940F-12A6941860FD}.Debug|x86.Deploy.0 = Debug|x86
		{2E653C2F-3514-4B69-940F-12A6941860FD}.Release|Any CPU.ActiveCfg = Release|Any CPU
		{2E653C2F-3514-4B69-940F-12A6941860FD}.Release|Any CPU.Build.0 = Release|Any CPU
		{2E653C2F-3514-4B69-940F-12A6941860FD}.Release|Any CPU.Deploy.0 = Release|Any CPU
		{2E653C2F-3514-4B69-940F-12A6941860FD}.Release|ARM.ActiveCfg = Release|ARM
		{2E653C2F-3514-4B69-940F-12A6941860FD}.Release|ARM.Build.0 = Release|ARM
		{2E653C2F-3514-4B69-940F-12A6941860FD}.Release|ARM.Deploy.0 = Release|ARM
		{2E653C2F-3514-4B69-940F-12A6941860FD}.Release|x64.ActiveCfg = Release|x64
		{2E653C2F-3514-4B69-940F-12A6941860FD}.Release|x64.Build.0 = Release|x64
		{2E653C2F-3514-4B69-940F-12A6941860FD}.Release|x64.Deploy.0 = Release|x64
		{2E653C2F-3514-4B69-940F-12A6941860FD}.Release|x86.ActiveCfg = Release|x86
		{2E653C2F-3514-4B69-940F-12A6941860FD}.Release|x86.Build.0 = Release|x86
		{2E653C2F-3514-4B69-940F-12A6941860FD}.Release|x86.Deploy.0 = Release|x86
		{5C729F71-0657-43CD-BC7D-594CDA65EF3E}.Debug|Any CPU.ActiveCfg = Debug|Any CPU
		{5C729F71-0657-43CD-BC7D-594CDA65EF3E}.Debug|Any CPU.Build.0 = Debug|Any CPU
		{5C729F71-0657-43CD-BC7D-594CDA65EF3E}.Debug|ARM.ActiveCfg = Debug|Any CPU
		{5C729F71-0657-43CD-BC7D-594CDA65EF3E}.Debug|ARM.Build.0 = Debug|Any CPU
		{5C729F71-0657-43CD-BC7D-594CDA65EF3E}.Debug|x64.ActiveCfg = Debug|Any CPU
		{5C729F71-0657-43CD-BC7D-594CDA65EF3E}.Debug|x64.Build.0 = Debug|Any CPU
		{5C729F71-0657-43CD-BC7D-594CDA65EF3E}.Debug|x86.ActiveCfg = Debug|Any CPU
		{5C729F71-0657-43CD-BC7D-594CDA65EF3E}.Debug|x86.Build.0 = Debug|Any CPU
		{5C729F71-0657-43CD-BC7D-594CDA65EF3E}.Release|Any CPU.ActiveCfg = Release|Any CPU
		{5C729F71-0657-43CD-BC7D-594CDA65EF3E}.Release|Any CPU.Build.0 = Release|Any CPU
		{5C729F71-0657-43CD-BC7D-594CDA65EF3E}.Release|ARM.ActiveCfg = Release|Any CPU
		{5C729F71-0657-43CD-BC7D-594CDA65EF3E}.Release|ARM.Build.0 = Release|Any CPU
		{5C729F71-0657-43CD-BC7D-594CDA65EF3E}.Release|x64.ActiveCfg = Release|Any CPU
		{5C729F71-0657-43CD-BC7D-594CDA65EF3E}.Release|x64.Build.0 = Release|Any CPU
		{5C729F71-0657-43CD-BC7D-594CDA65EF3E}.Release|x86.ActiveCfg = Release|Any CPU
		{5C729F71-0657-43CD-BC7D-594CDA65EF3E}.Release|x86.Build.0 = Release|Any CPU
		{78904B84-4BE8-41E1-95C3-C0B02F6E38C6}.Debug|Any CPU.ActiveCfg = Debug|Any CPU
		{78904B84-4BE8-41E1-95C3-C0B02F6E38C6}.Debug|Any CPU.Build.0 = Debug|Any CPU
		{78904B84-4BE8-41E1-95C3-C0B02F6E38C6}.Debug|ARM.ActiveCfg = Debug|Any CPU
		{78904B84-4BE8-41E1-95C3-C0B02F6E38C6}.Debug|ARM.Build.0 = Debug|Any CPU
		{78904B84-4BE8-41E1-95C3-C0B02F6E38C6}.Debug|x64.ActiveCfg = Debug|Any CPU
		{78904B84-4BE8-41E1-95C3-C0B02F6E38C6}.Debug|x64.Build.0 = Debug|Any CPU
		{78904B84-4BE8-41E1-95C3-C0B02F6E38C6}.Debug|x86.ActiveCfg = Debug|Any CPU
		{78904B84-4BE8-41E1-95C3-C0B02F6E38C6}.Debug|x86.Build.0 = Debug|Any CPU
		{78904B84-4BE8-41E1-95C3-C0B02F6E38C6}.Release|Any CPU.ActiveCfg = Release|Any CPU
		{78904B84-4BE8-41E1-95C3-C0B02F6E38C6}.Release|Any CPU.Build.0 = Release|Any CPU
		{78904B84-4BE8-41E1-95C3-C0B02F6E38C6}.Release|ARM.ActiveCfg = Release|Any CPU
		{78904B84-4BE8-41E1-95C3-C0B02F6E38C6}.Release|ARM.Build.0 = Release|Any CPU
		{78904B84-4BE8-41E1-95C3-C0B02F6E38C6}.Release|x64.ActiveCfg = Release|Any CPU
		{78904B84-4BE8-41E1-95C3-C0B02F6E38C6}.Release|x64.Build.0 = Release|Any CPU
		{78904B84-4BE8-41E1-95C3-C0B02F6E38C6}.Release|x86.ActiveCfg = Release|Any CPU
		{78904B84-4BE8-41E1-95C3-C0B02F6E38C6}.Release|x86.Build.0 = Release|Any CPU
		{0CAE24CE-D43F-4E2C-B01D-5FB54CADCD99}.Debug|Any CPU.ActiveCfg = Debug|Any CPU
		{0CAE24CE-D43F-4E2C-B01D-5FB54CADCD99}.Debug|Any CPU.Build.0 = Debug|Any CPU
		{0CAE24CE-D43F-4E2C-B01D-5FB54CADCD99}.Debug|ARM.ActiveCfg = Debug|Any CPU
		{0CAE24CE-D43F-4E2C-B01D-5FB54CADCD99}.Debug|ARM.Build.0 = Debug|Any CPU
		{0CAE24CE-D43F-4E2C-B01D-5FB54CADCD99}.Debug|x64.ActiveCfg = Debug|Any CPU
		{0CAE24CE-D43F-4E2C-B01D-5FB54CADCD99}.Debug|x64.Build.0 = Debug|Any CPU
		{0CAE24CE-D43F-4E2C-B01D-5FB54CADCD99}.Debug|x86.ActiveCfg = Debug|Any CPU
		{0CAE24CE-D43F-4E2C-B01D-5FB54CADCD99}.Debug|x86.Build.0 = Debug|Any CPU
		{0CAE24CE-D43F-4E2C-B01D-5FB54CADCD99}.Release|Any CPU.ActiveCfg = Release|Any CPU
		{0CAE24CE-D43F-4E2C-B01D-5FB54CADCD99}.Release|Any CPU.Build.0 = Release|Any CPU
		{0CAE24CE-D43F-4E2C-B01D-5FB54CADCD99}.Release|ARM.ActiveCfg = Release|Any CPU
		{0CAE24CE-D43F-4E2C-B01D-5FB54CADCD99}.Release|ARM.Build.0 = Release|Any CPU
		{0CAE24CE-D43F-4E2C-B01D-5FB54CADCD99}.Release|x64.ActiveCfg = Release|Any CPU
		{0CAE24CE-D43F-4E2C-B01D-5FB54CADCD99}.Release|x64.Build.0 = Release|Any CPU
		{0CAE24CE-D43F-4E2C-B01D-5FB54CADCD99}.Release|x86.ActiveCfg = Release|Any CPU
		{0CAE24CE-D43F-4E2C-B01D-5FB54CADCD99}.Release|x86.Build.0 = Release|Any CPU
		{C0FDDCBA-4D38-4441-BAC8-54AD47F40E92}.Debug|Any CPU.ActiveCfg = Debug|Any CPU
		{C0FDDCBA-4D38-4441-BAC8-54AD47F40E92}.Debug|Any CPU.Build.0 = Debug|Any CPU
		{C0FDDCBA-4D38-4441-BAC8-54AD47F40E92}.Debug|ARM.ActiveCfg = Debug|Any CPU
		{C0FDDCBA-4D38-4441-BAC8-54AD47F40E92}.Debug|ARM.Build.0 = Debug|Any CPU
		{C0FDDCBA-4D38-4441-BAC8-54AD47F40E92}.Debug|x64.ActiveCfg = Debug|Any CPU
		{C0FDDCBA-4D38-4441-BAC8-54AD47F40E92}.Debug|x64.Build.0 = Debug|Any CPU
		{C0FDDCBA-4D38-4441-BAC8-54AD47F40E92}.Debug|x86.ActiveCfg = Debug|Any CPU
		{C0FDDCBA-4D38-4441-BAC8-54AD47F40E92}.Debug|x86.Build.0 = Debug|Any CPU
		{C0FDDCBA-4D38-4441-BAC8-54AD47F40E92}.Release|Any CPU.ActiveCfg = Release|Any CPU
		{C0FDDCBA-4D38-4441-BAC8-54AD47F40E92}.Release|Any CPU.Build.0 = Release|Any CPU
		{C0FDDCBA-4D38-4441-BAC8-54AD47F40E92}.Release|ARM.ActiveCfg = Release|Any CPU
		{C0FDDCBA-4D38-4441-BAC8-54AD47F40E92}.Release|ARM.Build.0 = Release|Any CPU
		{C0FDDCBA-4D38-4441-BAC8-54AD47F40E92}.Release|x64.ActiveCfg = Release|Any CPU
		{C0FDDCBA-4D38-4441-BAC8-54AD47F40E92}.Release|x64.Build.0 = Release|Any CPU
		{C0FDDCBA-4D38-4441-BAC8-54AD47F40E92}.Release|x86.ActiveCfg = Release|Any CPU
		{C0FDDCBA-4D38-4441-BAC8-54AD47F40E92}.Release|x86.Build.0 = Release|Any CPU
		{CA6EECD2-4CF3-4BD3-AF18-C049618121C1}.Debug|Any CPU.ActiveCfg = Debug|Any CPU
		{CA6EECD2-4CF3-4BD3-AF18-C049618121C1}.Debug|Any CPU.Build.0 = Debug|Any CPU
		{CA6EECD2-4CF3-4BD3-AF18-C049618121C1}.Debug|ARM.ActiveCfg = Debug|Any CPU
		{CA6EECD2-4CF3-4BD3-AF18-C049618121C1}.Debug|ARM.Build.0 = Debug|Any CPU
		{CA6EECD2-4CF3-4BD3-AF18-C049618121C1}.Debug|x64.ActiveCfg = Debug|Any CPU
		{CA6EECD2-4CF3-4BD3-AF18-C049618121C1}.Debug|x64.Build.0 = Debug|Any CPU
		{CA6EECD2-4CF3-4BD3-AF18-C049618121C1}.Debug|x86.ActiveCfg = Debug|Any CPU
		{CA6EECD2-4CF3-4BD3-AF18-C049618121C1}.Debug|x86.Build.0 = Debug|Any CPU
		{CA6EECD2-4CF3-4BD3-AF18-C049618121C1}.Release|Any CPU.ActiveCfg = Release|Any CPU
		{CA6EECD2-4CF3-4BD3-AF18-C049618121C1}.Release|Any CPU.Build.0 = Release|Any CPU
		{CA6EECD2-4CF3-4BD3-AF18-C049618121C1}.Release|ARM.ActiveCfg = Release|Any CPU
		{CA6EECD2-4CF3-4BD3-AF18-C049618121C1}.Release|ARM.Build.0 = Release|Any CPU
		{CA6EECD2-4CF3-4BD3-AF18-C049618121C1}.Release|x64.ActiveCfg = Release|Any CPU
		{CA6EECD2-4CF3-4BD3-AF18-C049618121C1}.Release|x64.Build.0 = Release|Any CPU
		{CA6EECD2-4CF3-4BD3-AF18-C049618121C1}.Release|x86.ActiveCfg = Release|Any CPU
		{CA6EECD2-4CF3-4BD3-AF18-C049618121C1}.Release|x86.Build.0 = Release|Any CPU
	EndGlobalSection
	GlobalSection(SolutionProperties) = preSolution
		HideSolutionNode = FALSE
	EndGlobalSection
EndGlobal
